
Microsoft Visual Studio Solution File, Format Version 12.00
# Visual Studio Version 17
VisualStudioVersion = 17.14.36414.22
MinimumVisualStudioVersion = 10.0.40219.1
Project("{2150E333-8FDC-42A3-9474-1A3956D46DE8}") = "Task0", "Task0", "{36D591C7-65C7-A0D1-1CBC-10CDE441BDC8}"
EndProject
Project("{FAE04EC0-301F-11D3-BF4B-00C04F79EFBC}") = "Tyuiu.IvanovEO.Sprint6.Task0.V13", "Tyuiu.IvanovEO.Sprint6.Task0.V13\Tyuiu.IvanovEO.Sprint6.Task0.V13.csproj", "{89793233-6052-40F2-8A43-3A5E0E3074D0}"
EndProject
Project("{FAE04EC0-301F-11D3-BF4B-00C04F79EFBC}") = "Tyuiu.IvanovEO.Sprint6.Task0.V13.Lib", "Tyuiu.IvanovEO.Sprint6.Task0.V13.Lib\Tyuiu.IvanovEO.Sprint6.Task0.V13.Lib.csproj", "{B890DD71-57C0-483E-8980-CAFE56F4B384}"
EndProject
Project("{FAE04EC0-301F-11D3-BF4B-00C04F79EFBC}") = "Tyuiu.IvanovEO.Sprint6.Task0.V13.Test", "Tyuiu.IvanovEO.Sprint6.Task0.V13.Test\Tyuiu.IvanovEO.Sprint6.Task0.V13.Test.csproj", "{B155AB43-6FFE-4F0C-9504-80AFE0573D19}"
EndProject
Project("{2150E333-8FDC-42A3-9474-1A3956D46DE8}") = "Task1", "Task1", "{3F22F212-9ABE-45EC-A205-4CB766A63970}"
EndProject
Project("{FAE04EC0-301F-11D3-BF4B-00C04F79EFBC}") = "Tyuiu.IvanovEO.Sprint6.Task1.V7.Lib", "Tyuiu.IvanovEO.Sprint6.Task1.V7.Lib\Tyuiu.IvanovEO.Sprint6.Task1.V7.Lib.csproj", "{C7325A12-D52B-47D4-900F-A77FDF24B8C1}"
EndProject
Project("{FAE04EC0-301F-11D3-BF4B-00C04F79EFBC}") = "Tyuiu.IvanovEO.Sprint6.Task1.V7.Test", "Tyuiu.IvanovEO.Sprint6.Task1.V7.Test\Tyuiu.IvanovEO.Sprint6.Task1.V7.Test.csproj", "{E448305B-84C2-431E-BF05-5BA4580F3BAA}"
EndProject
Project("{FAE04EC0-301F-11D3-BF4B-00C04F79EFBC}") = "Tyuiu.IvanovEO.Sprint6.Task1.V7", "Tyuiu.IvanovEO.Sprint6.Task1.V7\Tyuiu.IvanovEO.Sprint6.Task1.V7.csproj", "{D78BAD22-F7FE-404A-BDC1-1C8EBF3D021A}"
EndProject
Project("{2150E333-8FDC-42A3-9474-1A3956D46DE8}") = "Task2", "Task2", "{2150ECC3-DBF2-47AA-B1F5-6237298C9B26}"
EndProject
Project("{FAE04EC0-301F-11D3-BF4B-00C04F79EFBC}") = "Tyuiu.IvanovEO.Sprint6.Task2.V3", "Tyuiu.IvanovEO.Sprint6.Task2.V3\Tyuiu.IvanovEO.Sprint6.Task2.V3.csproj", "{CD3EF834-2382-4591-844F-D0A5BB76F053}"
EndProject
Project("{FAE04EC0-301F-11D3-BF4B-00C04F79EFBC}") = "Tyuiu.IvanovEO.Sprint6.Task2.V3.Lib", "Tyuiu.IvanovEO.Sprint6.Task2.V3.Lib\Tyuiu.IvanovEO.Sprint6.Task2.V3.Lib.csproj", "{FC3FD5EE-A34D-4C11-8699-1152C6295752}"
EndProject
Project("{2150E333-8FDC-42A3-9474-1A3956D46DE8}") = "Task3", "Task3", "{79A0F746-6322-4949-AF52-BB1914AE7CDC}"
EndProject
Project("{FAE04EC0-301F-11D3-BF4B-00C04F79EFBC}") = "Tyuiu.IvanovEO.Sprint6.Task3.V2.Lib", "Tyuiu.IvanovEO.Sprint6.Task3.V2.Lib\Tyuiu.IvanovEO.Sprint6.Task3.V2.Lib.csproj", "{4DF0A8AB-5B5B-4949-B014-3ABAAEC0DC8C}"
EndProject
Project("{FAE04EC0-301F-11D3-BF4B-00C04F79EFBC}") = "Tyuiu.IvanovEO.Sprint6.Task3.V2", "Tyuiu.IvanovEO.Sprint6.Task3.V2\Tyuiu.IvanovEO.Sprint6.Task3.V2.csproj", "{B49ED991-6B92-4D2B-BCF3-3F641C8986B9}"
EndProject
Project("{2150E333-8FDC-42A3-9474-1A3956D46DE8}") = "Task4", "Task4", "{57E0FB6C-A354-4A07-874D-8C6069964646}"
EndProject
Project("{FAE04EC0-301F-11D3-BF4B-00C04F79EFBC}") = "Tyuiu.IvanovEO.Sprint6.Task4.V17.Test", "Tyuiu.IvanovEO.Sprint6.Task4.V17.Test\Tyuiu.IvanovEO.Sprint6.Task4.V17.Test.csproj", "{638043AD-8D75-4E3D-9FD5-600F21DDECA2}"
EndProject
Project("{FAE04EC0-301F-11D3-BF4B-00C04F79EFBC}") = "Tyuiu.IvanovEO.Sprint6.Task4.V17", "Tyuiu.IvanovEO.Sprint6.Task4.V17\Tyuiu.IvanovEO.Sprint6.Task4.V17.csproj", "{1D49038F-CE9E-45AB-98B7-007456908610}"
EndProject
Project("{FAE04EC0-301F-11D3-BF4B-00C04F79EFBC}") = "Tyuiu.IvanovEO.Sprint6.Task4.V17.Lib", "Tyuiu.IvanovEO.Sprint6.Task4.V17.Lib\Tyuiu.IvanovEO.Sprint6.Task4.V17.Lib.csproj", "{486F1E12-F326-4088-98ED-DC9350D81E9A}"
EndProject
Global
	GlobalSection(SolutionConfigurationPlatforms) = preSolution
		Debug|Any CPU = Debug|Any CPU
		Release|Any CPU = Release|Any CPU
	EndGlobalSection
	GlobalSection(ProjectConfigurationPlatforms) = postSolution
		{89793233-6052-40F2-8A43-3A5E0E3074D0}.Debug|Any CPU.ActiveCfg = Debug|Any CPU
		{89793233-6052-40F2-8A43-3A5E0E3074D0}.Debug|Any CPU.Build.0 = Debug|Any CPU
		{89793233-6052-40F2-8A43-3A5E0E3074D0}.Release|Any CPU.ActiveCfg = Release|Any CPU
		{89793233-6052-40F2-8A43-3A5E0E3074D0}.Release|Any CPU.Build.0 = Release|Any CPU
		{B890DD71-57C0-483E-8980-CAFE56F4B384}.Debug|Any CPU.ActiveCfg = Debug|Any CPU
		{B890DD71-57C0-483E-8980-CAFE56F4B384}.Debug|Any CPU.Build.0 = Debug|Any CPU
		{B890DD71-57C0-483E-8980-CAFE56F4B384}.Release|Any CPU.ActiveCfg = Release|Any CPU
		{B890DD71-57C0-483E-8980-CAFE56F4B384}.Release|Any CPU.Build.0 = Release|Any CPU
		{B155AB43-6FFE-4F0C-9504-80AFE0573D19}.Debug|Any CPU.ActiveCfg = Debug|Any CPU
		{B155AB43-6FFE-4F0C-9504-80AFE0573D19}.Debug|Any CPU.Build.0 = Debug|Any CPU
		{B155AB43-6FFE-4F0C-9504-80AFE0573D19}.Release|Any CPU.ActiveCfg = Release|Any CPU
		{B155AB43-6FFE-4F0C-9504-80AFE0573D19}.Release|Any CPU.Build.0 = Release|Any CPU
		{C7325A12-D52B-47D4-900F-A77FDF24B8C1}.Debug|Any CPU.ActiveCfg = Debug|Any CPU
		{C7325A12-D52B-47D4-900F-A77FDF24B8C1}.Debug|Any CPU.Build.0 = Debug|Any CPU
		{C7325A12-D52B-47D4-900F-A77FDF24B8C1}.Release|Any CPU.ActiveCfg = Release|Any CPU
		{C7325A12-D52B-47D4-900F-A77FDF24B8C1}.Release|Any CPU.Build.0 = Release|Any CPU
		{E448305B-84C2-431E-BF05-5BA4580F3BAA}.Debug|Any CPU.ActiveCfg = Debug|Any CPU
		{E448305B-84C2-431E-BF05-5BA4580F3BAA}.Debug|Any CPU.Build.0 = Debug|Any CPU
		{E448305B-84C2-431E-BF05-5BA4580F3BAA}.Release|Any CPU.ActiveCfg = Release|Any CPU
		{E448305B-84C2-431E-BF05-5BA4580F3BAA}.Release|Any CPU.Build.0 = Release|Any CPU
		{D78BAD22-F7FE-404A-BDC1-1C8EBF3D021A}.Debug|Any CPU.ActiveCfg = Debug|Any CPU
		{D78BAD22-F7FE-404A-BDC1-1C8EBF3D021A}.Debug|Any CPU.Build.0 = Debug|Any CPU
		{D78BAD22-F7FE-404A-BDC1-1C8EBF3D021A}.Release|Any CPU.ActiveCfg = Release|Any CPU
		{D78BAD22-F7FE-404A-BDC1-1C8EBF3D021A}.Release|Any CPU.Build.0 = Release|Any CPU
		{CD3EF834-2382-4591-844F-D0A5BB76F053}.Debug|Any CPU.ActiveCfg = Debug|Any CPU
		{CD3EF834-2382-4591-844F-D0A5BB76F053}.Debug|Any CPU.Build.0 = Debug|Any CPU
		{CD3EF834-2382-4591-844F-D0A5BB76F053}.Release|Any CPU.ActiveCfg = Release|Any CPU
		{CD3EF834-2382-4591-844F-D0A5BB76F053}.Release|Any CPU.Build.0 = Release|Any CPU
		{FC3FD5EE-A34D-4C11-8699-1152C6295752}.Debug|Any CPU.ActiveCfg = Debug|Any CPU
		{FC3FD5EE-A34D-4C11-8699-1152C6295752}.Debug|Any CPU.Build.0 = Debug|Any CPU
		{FC3FD5EE-A34D-4C11-8699-1152C6295752}.Release|Any CPU.ActiveCfg = Release|Any CPU
		{FC3FD5EE-A34D-4C11-8699-1152C6295752}.Release|Any CPU.Build.0 = Release|Any CPU
		{4DF0A8AB-5B5B-4949-B014-3ABAAEC0DC8C}.Debug|Any CPU.ActiveCfg = Debug|Any CPU
		{4DF0A8AB-5B5B-4949-B014-3ABAAEC0DC8C}.Debug|Any CPU.Build.0 = Debug|Any CPU
		{4DF0A8AB-5B5B-4949-B014-3ABAAEC0DC8C}.Release|Any CPU.ActiveCfg = Release|Any CPU
		{4DF0A8AB-5B5B-4949-B014-3ABAAEC0DC8C}.Release|Any CPU.Build.0 = Release|Any CPU
		{B49ED991-6B92-4D2B-BCF3-3F641C8986B9}.Debug|Any CPU.ActiveCfg = Debug|Any CPU
		{B49ED991-6B92-4D2B-BCF3-3F641C8986B9}.Debug|Any CPU.Build.0 = Debug|Any CPU
		{B49ED991-6B92-4D2B-BCF3-3F641C8986B9}.Release|Any CPU.ActiveCfg = Release|Any CPU
		{B49ED991-6B92-4D2B-BCF3-3F641C8986B9}.Release|Any CPU.Build.0 = Release|Any CPU
		{638043AD-8D75-4E3D-9FD5-600F21DDECA2}.Debug|Any CPU.ActiveCfg = Debug|Any CPU
		{638043AD-8D75-4E3D-9FD5-600F21DDECA2}.Debug|Any CPU.Build.0 = Debug|Any CPU
		{638043AD-8D75-4E3D-9FD5-600F21DDECA2}.Release|Any CPU.ActiveCfg = Release|Any CPU
		{638043AD-8D75-4E3D-9FD5-600F21DDECA2}.Release|Any CPU.Build.0 = Release|Any CPU
		{1D49038F-CE9E-45AB-98B7-007456908610}.Debug|Any CPU.ActiveCfg = Debug|Any CPU
		{1D49038F-CE9E-45AB-98B7-007456908610}.Debug|Any CPU.Build.0 = Debug|Any CPU
		{1D49038F-CE9E-45AB-98B7-007456908610}.Release|Any CPU.ActiveCfg = Release|Any CPU
		{1D49038F-CE9E-45AB-98B7-007456908610}.Release|Any CPU.Build.0 = Release|Any CPU
		{486F1E12-F326-4088-98ED-DC9350D81E9A}.Debug|Any CPU.ActiveCfg = Debug|Any CPU
		{486F1E12-F326-4088-98ED-DC9350D81E9A}.Debug|Any CPU.Build.0 = Debug|Any CPU
		{486F1E12-F326-4088-98ED-DC9350D81E9A}.Release|Any CPU.ActiveCfg = Release|Any CPU
		{486F1E12-F326-4088-98ED-DC9350D81E9A}.Release|Any CPU.Build.0 = Release|Any CPU
	EndGlobalSection
	GlobalSection(SolutionProperties) = preSolution
		HideSolutionNode = FALSE
	EndGlobalSection
	GlobalSection(NestedProjects) = preSolution
		{89793233-6052-40F2-8A43-3A5E0E3074D0} = {36D591C7-65C7-A0D1-1CBC-10CDE441BDC8}
		{B890DD71-57C0-483E-8980-CAFE56F4B384} = {36D591C7-65C7-A0D1-1CBC-10CDE441BDC8}
		{B155AB43-6FFE-4F0C-9504-80AFE0573D19} = {36D591C7-65C7-A0D1-1CBC-10CDE441BDC8}
		{C7325A12-D52B-47D4-900F-A77FDF24B8C1} = {3F22F212-9ABE-45EC-A205-4CB766A63970}
		{E448305B-84C2-431E-BF05-5BA4580F3BAA} = {3F22F212-9ABE-45EC-A205-4CB766A63970}
		{D78BAD22-F7FE-404A-BDC1-1C8EBF3D021A} = {3F22F212-9ABE-45EC-A205-4CB766A63970}
		{CD3EF834-2382-4591-844F-D0A5BB76F053} = {2150ECC3-DBF2-47AA-B1F5-6237298C9B26}
		{FC3FD5EE-A34D-4C11-8699-1152C6295752} = {2150ECC3-DBF2-47AA-B1F5-6237298C9B26}
		{4DF0A8AB-5B5B-4949-B014-3ABAAEC0DC8C} = {79A0F746-6322-4949-AF52-BB1914AE7CDC}
		{B49ED991-6B92-4D2B-BCF3-3F641C8986B9} = {79A0F746-6322-4949-AF52-BB1914AE7CDC}
		{638043AD-8D75-4E3D-9FD5-600F21DDECA2} = {57E0FB6C-A354-4A07-874D-8C6069964646}
		{1D49038F-CE9E-45AB-98B7-007456908610} = {57E0FB6C-A354-4A07-874D-8C6069964646}
	EndGlobalSection
	GlobalSection(ExtensibilityGlobals) = postSolution
		SolutionGuid = {D9C28409-F88A-4D1C-A9E3-86822584FF94}
	EndGlobalSection
EndGlobal
